
Microsoft Visual Studio Solution File, Format Version 12.00
# Visual Studio 15
VisualStudioVersion = 15.0.27703.2000
MinimumVisualStudioVersion = 10.0.40219.1
Project("{FAE04EC0-301F-11D3-BF4B-00C04F79EFBC}") = "DBTest", "DBTest\DBTest.csproj", "{CEDB02AD-DCE2-4395-A656-320961043FC1}"
EndProject
Global
	GlobalSection(SolutionConfigurationPlatforms) = preSolution
		Debug|ARM = Debug|ARM
		Debug|x64 = Debug|x64
		Debug|x86 = Debug|x86
		Release|ARM = Release|ARM
		Release|x64 = Release|x64
		Release|x86 = Release|x86
	EndGlobalSection
	GlobalSection(ProjectConfigurationPlatforms) = postSolution
		{CEDB02AD-DCE2-4395-A656-320961043FC1}.Debug|ARM.ActiveCfg = Debug|ARM
		{CEDB02AD-DCE2-4395-A656-320961043FC1}.Debug|ARM.Build.0 = Debug|ARM
		{CEDB02AD-DCE2-4395-A656-320961043FC1}.Debug|ARM.Deploy.0 = Debug|ARM
		{CEDB02AD-DCE2-4395-A656-320961043FC1}.Debug|x64.ActiveCfg = Debug|x64
		{CEDB02AD-DCE2-4395-A656-320961043FC1}.Debug|x64.Build.0 = Debug|x64
		{CEDB02AD-DCE2-4395-A656-320961043FC1}.Debug|x64.Deploy.0 = Debug|x64
		{CEDB02AD-DCE2-4395-A656-320961043FC1}.Debug|x86.ActiveCfg = Debug|x86
		{CEDB02AD-DCE2-4395-A656-320961043FC1}.Debug|x86.Build.0 = Debug|x86
		{CEDB02AD-DCE2-4395-A656-320961043FC1}.Debug|x86.Deploy.0 = Debug|x86
		{CEDB02AD-DCE2-4395-A656-320961043FC1}.Release|ARM.ActiveCfg = Release|ARM
		{CEDB02AD-DCE2-4395-A656-320961043FC1}.Release|ARM.Build.0 = Release|ARM
		{CEDB02AD-DCE2-4395-A656-320961043FC1}.Release|ARM.Deploy.0 = Release|ARM
		{CEDB02AD-DCE2-4395-A656-320961043FC1}.Release|x64.ActiveCfg = Release|x64
		{CEDB02AD-DCE2-4395-A656-320961043FC1}.Release|x64.Build.0 = Release|x64
		{CEDB02AD-DCE2-4395-A656-320961043FC1}.Release|x64.Deploy.0 = Release|x64
		{CEDB02AD-DCE2-4395-A656-320961043FC1}.Release|x86.ActiveCfg = Release|x86
		{CEDB02AD-DCE2-4395-A656-320961043FC1}.Release|x86.Build.0 = Release|x86
		{CEDB02AD-DCE2-4395-A656-320961043FC1}.Release|x86.Deploy.0 = Release|x86
	EndGlobalSection
	GlobalSection(SolutionProperties) = preSolution
		HideSolutionNode = FALSE
	EndGlobalSection
	GlobalSection(ExtensibilityGlobals) = postSolution
		SolutionGuid = {85016B5C-833C-4FB3-A5E6-468655B25FE3}
	EndGlobalSection
EndGlobal
